
Microsoft Visual Studio Solution File, Format Version 12.00
# Visual Studio 15
VisualStudioVersion = 15.0.27703.2042
MinimumVisualStudioVersion = 10.0.40219.1
Project("{FAE04EC0-301F-11D3-BF4B-00C04F79EFBC}") = "AspNetCore2_Webpack4_Template", "AspNetCore2_Webpack4_Template\AspNetCore2_Webpack4_Template.csproj", "{BCA75CDC-D3C1-40B1-A944-8A2A7D792D5B}"
EndProject
Global
	GlobalSection(SolutionConfigurationPlatforms) = preSolution
		Debug|Any CPU = Debug|Any CPU
		Release|Any CPU = Release|Any CPU
	EndGlobalSection
	GlobalSection(ProjectConfigurationPlatforms) = postSolution
		{BCA75CDC-D3C1-40B1-A944-8A2A7D792D5B}.Debug|Any CPU.ActiveCfg = Debug|Any CPU
		{BCA75CDC-D3C1-40B1-A944-8A2A7D792D5B}.Debug|Any CPU.Build.0 = Debug|Any CPU
		{BCA75CDC-D3C1-40B1-A944-8A2A7D792D5B}.Release|Any CPU.ActiveCfg = Release|Any CPU
		{BCA75CDC-D3C1-40B1-A944-8A2A7D792D5B}.Release|Any CPU.Build.0 = Release|Any CPU
	EndGlobalSection
	GlobalSection(SolutionProperties) = preSolution
		HideSolutionNode = FALSE
	EndGlobalSection
	GlobalSection(ExtensibilityGlobals) = postSolution
		SolutionGuid = {5A122014-69F7-44CD-A577-DF5372F04E02}
	EndGlobalSection
EndGlobal
